{
  "name": "RockRoller",
  "version": "1.0.0",
  "lockfileVersion": 2,
  "requires": true,
  "packages": {
    "": {
      "name": "RockRoller",
      "version": "1.0.0",
      "license": "ISC",
      "dependencies": {
        "@sasjs/core": "^2.34.1"
      }
    },
    "node_modules/@sasjs/core": {
      "version": "2.34.1",
      "resolved": "https://registry.npmjs.org/@sasjs/core/-/core-2.34.1.tgz",
      "integrity": "sha512-XmvkQVH1cD3Gi92teRXo7AMnpP39zN0uMzNuN8dIlSLB/rz0ZzMJ+UcTR0EclPdHFZ8rgqnGANyvH6tAykBwvA==",
      "hasInstallScript": true
    }
  },
  "dependencies": {
    "@sasjs/core": {
      "version": "2.34.1",
      "resolved": "https://registry.npmjs.org/@sasjs/core/-/core-2.34.1.tgz",
      "integrity": "sha512-XmvkQVH1cD3Gi92teRXo7AMnpP39zN0uMzNuN8dIlSLB/rz0ZzMJ+UcTR0EclPdHFZ8rgqnGANyvH6tAykBwvA=="
    }
  }
}
